
Microsoft Visual Studio Solution File, Format Version 12.00
# Visual Studio 15
VisualStudioVersion = 15.0.28307.1927
MinimumVisualStudioVersion = 10.0.40219.1
Project("{159641D6-6404-4A2A-AE62-294DE0FE8301}") = "SuperStore", "SuperStore\SuperStore.dtproj", "{AD239E48-23DA-49A7-867A-1F009817922C}"
EndProject
Global
	GlobalSection(SolutionConfigurationPlatforms) = preSolution
		Development|Default = Development|Default
	EndGlobalSection
	GlobalSection(ProjectConfigurationPlatforms) = postSolution
		{AD239E48-23DA-49A7-867A-1F009817922C}.Development|Default.ActiveCfg = Development
		{AD239E48-23DA-49A7-867A-1F009817922C}.Development|Default.Build.0 = Development
	EndGlobalSection
	GlobalSection(SolutionProperties) = preSolution
		HideSolutionNode = FALSE
	EndGlobalSection
	GlobalSection(ExtensibilityGlobals) = postSolution
		SolutionGuid = {02E439BC-31EA-49F1-9BCF-9F3A5AD2F9F8}
	EndGlobalSection
EndGlobal
